
Microsoft Visual Studio Solution File, Format Version 12.00
# Visual Studio Version 17
VisualStudioVersion = 17.8.34408.163
MinimumVisualStudioVersion = 10.0.40219.1
Project("{FAE04EC0-301F-11D3-BF4B-00C04F79EFBC}") = "CumulativeProject3", "CumulativeProject3\CumulativeProject3.csproj", "{EEEC6621-565A-458F-B791-CC184C007597}"
EndProject
Global
	GlobalSection(SolutionConfigurationPlatforms) = preSolution
		Debug|Any CPU = Debug|Any CPU
		Release|Any CPU = Release|Any CPU
	EndGlobalSection
	GlobalSection(ProjectConfigurationPlatforms) = postSolution
		{EEEC6621-565A-458F-B791-CC184C007597}.Debug|Any CPU.ActiveCfg = Debug|Any CPU
		{EEEC6621-565A-458F-B791-CC184C007597}.Debug|Any CPU.Build.0 = Debug|Any CPU
		{EEEC6621-565A-458F-B791-CC184C007597}.Release|Any CPU.ActiveCfg = Release|Any CPU
		{EEEC6621-565A-458F-B791-CC184C007597}.Release|Any CPU.Build.0 = Release|Any CPU
	EndGlobalSection
	GlobalSection(SolutionProperties) = preSolution
		HideSolutionNode = FALSE
	EndGlobalSection
	GlobalSection(ExtensibilityGlobals) = postSolution
		SolutionGuid = {A6C590C3-C952-4B4B-AEF0-A5D647BD51F0}
	EndGlobalSection
EndGlobal
